{
  "name": "mass_info",
  "lockfileVersion": 3,
  "requires": true,
  "packages": {
    "": {
      "dependencies": {
        "tldts": "^7.0.16"
      }
    },
    "node_modules/tldts": {
      "version": "7.0.16",
      "resolved": "https://registry.npmjs.org/tldts/-/tldts-7.0.16.tgz",
      "integrity": "sha512-5bdPHSwbKTeHmXrgecID4Ljff8rQjv7g8zKQPkCozRo2HWWni+p310FSn5ImI+9kWw9kK4lzOB5q/a6iv0IJsw==",
      "license": "MIT",
      "dependencies": {
        "tldts-core": "^7.0.16"
      },
      "bin": {
        "tldts": "bin/cli.js"
      }
    },
    "node_modules/tldts-core": {
      "version": "7.0.16",
      "resolved": "https://registry.npmjs.org/tldts-core/-/tldts-core-7.0.16.tgz",
      "integrity": "sha512-XHhPmHxphLi+LGbH0G/O7dmUH9V65OY20R7vH8gETHsp5AZCjBk9l8sqmRKLaGOxnETU7XNSDUPtewAy/K6jbA==",
      "license": "MIT"
    }
  }
}
